
Microsoft Visual Studio Solution File, Format Version 12.00
# Visual Studio Version 16
VisualStudioVersion = 16.0.31702.278
MinimumVisualStudioVersion = 10.0.40219.1
Project("{FAE04EC0-301F-11D3-BF4B-00C04F79EFBC}") = "API_Work_DOCKER", "API_Work_DOCKER.csproj", "{BA40A786-C57D-4EA7-9D11-8D6E457B05E8}"
EndProject
Global
	GlobalSection(SolutionConfigurationPlatforms) = preSolution
		Debug|Any CPU = Debug|Any CPU
		Release|Any CPU = Release|Any CPU
	EndGlobalSection
	GlobalSection(ProjectConfigurationPlatforms) = postSolution
		{BA40A786-C57D-4EA7-9D11-8D6E457B05E8}.Debug|Any CPU.ActiveCfg = Debug|Any CPU
		{BA40A786-C57D-4EA7-9D11-8D6E457B05E8}.Debug|Any CPU.Build.0 = Debug|Any CPU
		{BA40A786-C57D-4EA7-9D11-8D6E457B05E8}.Release|Any CPU.ActiveCfg = Release|Any CPU
		{BA40A786-C57D-4EA7-9D11-8D6E457B05E8}.Release|Any CPU.Build.0 = Release|Any CPU
	EndGlobalSection
	GlobalSection(SolutionProperties) = preSolution
		HideSolutionNode = FALSE
	EndGlobalSection
	GlobalSection(ExtensibilityGlobals) = postSolution
		SolutionGuid = {13D1E30C-08F6-49D6-B8FD-EAC26AD9F295}
	EndGlobalSection
EndGlobal
